// !$*UTF8*$!
{
	archiveVersion = 1;
	classes = {
	};
	objectVersion = 46;
	objects = {

/* Begin PBXBuildFile section */
		771FDBB71AB9C8FD006FFE5B /* AppDelegate.swift in Sources */ = {isa = PBXBuildFile; fileRef = 771FDBB61AB9C8FD006FFE5B /* AppDelegate.swift */; };
		771FDBB91AB9C8FD006FFE5B /* ViewController.swift in Sources */ = {isa = PBXBuildFile; fileRef = 771FDBB81AB9C8FD006FFE5B /* ViewController.swift */; };
		771FDBBC1AB9C8FD006FFE5B /* Main.storyboard in Resources */ = {isa = PBXBuildFile; fileRef = 771FDBBA1AB9C8FD006FFE5B /* Main.storyboard */; };
		771FDBBE1AB9C8FD006FFE5B /* Images.xcassets in Resources */ = {isa = PBXBuildFile; fileRef = 771FDBBD1AB9C8FD006FFE5B /* Images.xcassets */; };
		771FDBC11AB9C8FD006FFE5B /* LaunchScreen.xib in Resources */ = {isa = PBXBuildFile; fileRef = 771FDBBF1AB9C8FD006FFE5B /* LaunchScreen.xib */; };
		771FDBCD1AB9C8FD006FFE5B /* SnapchatTests.swift in Sources */ = {isa = PBXBuildFile; fileRef = 771FDBCC1AB9C8FD006FFE5B /* SnapchatTests.swift */; };
		771FDBDC1AB9CAC0006FFE5B /* Bolts.framework in Frameworks */ = {isa = PBXBuildFile; fileRef = 771FDBD91AB9CAC0006FFE5B /* Bolts.framework */; };
		771FDBDD1AB9CAC0006FFE5B /* Parse.framework in Frameworks */ = {isa = PBXBuildFile; fileRef = 771FDBDA1AB9CAC0006FFE5B /* Parse.framework */; };
		771FDBDE1AB9CAC0006FFE5B /* ParseFacebookUtils.framework in Frameworks */ = {isa = PBXBuildFile; fileRef = 771FDBDB1AB9CAC0006FFE5B /* ParseFacebookUtils.framework */; };
		771FDBE01AB9CB71006FFE5B /* AudioToolbox.framework in Frameworks */ = {isa = PBXBuildFile; fileRef = 771FDBDF1AB9CB71006FFE5B /* AudioToolbox.framework */; };
		771FDBE21AB9CB77006FFE5B /* CFNetwork.framework in Frameworks */ = {isa = PBXBuildFile; fileRef = 771FDBE11AB9CB77006FFE5B /* CFNetwork.framework */; };
		771FDBE41AB9CB7E006FFE5B /* CoreGraphics.framework in Frameworks */ = {isa = PBXBuildFile; fileRef = 771FDBE31AB9CB7E006FFE5B /* CoreGraphics.framework */; };
		771FDBE61AB9CB85006FFE5B /* CoreLocation.framework in Frameworks */ = {isa = PBXBuildFile; fileRef = 771FDBE51AB9CB85006FFE5B /* CoreLocation.framework */; };
		771FDBE81AB9CB8C006FFE5B /* MobileCoreServices.framework in Frameworks */ = {isa = PBXBuildFile; fileRef = 771FDBE71AB9CB8C006FFE5B /* MobileCoreServices.framework */; };
		771FDBEA1AB9CB93006FFE5B /* QuartzCore.framework in Frameworks */ = {isa = PBXBuildFile; fileRef = 771FDBE91AB9CB93006FFE5B /* QuartzCore.framework */; };
		771FDBEC1AB9CB99006FFE5B /* Security.framework in Frameworks */ = {isa = PBXBuildFile; fileRef = 771FDBEB1AB9CB99006FFE5B /* Security.framework */; };
		771FDBEE1AB9CB9F006FFE5B /* StoreKit.framework in Frameworks */ = {isa = PBXBuildFile; fileRef = 771FDBED1AB9CB9F006FFE5B /* StoreKit.framework */; };
		771FDBF01AB9CBA8006FFE5B /* SystemConfiguration.framework in Frameworks */ = {isa = PBXBuildFile; fileRef = 771FDBEF1AB9CBA8006FFE5B /* SystemConfiguration.framework */; };
		771FDBF21AB9CBAF006FFE5B /* libz.dylib in Frameworks */ = {isa = PBXBuildFile; fileRef = 771FDBF11AB9CBAF006FFE5B /* libz.dylib */; };
		771FDBF41AB9CBB8006FFE5B /* libsqlite3.dylib in Frameworks */ = {isa = PBXBuildFile; fileRef = 771FDBF31AB9CBB8006FFE5B /* libsqlite3.dylib */; };
		777660531ABA55E8004E1C64 /* UserTableViewController.swift in Sources */ = {isa = PBXBuildFile; fileRef = 777660521ABA55E8004E1C64 /* UserTableViewController.swift */; };
		777660551ABA850F004E1C64 /* ParseUI.framework in Frameworks */ = {isa = PBXBuildFile; fileRef = 777660541ABA850F004E1C64 /* ParseUI.framework */; };
/* End PBXBuildFile section */

/* Begin PBXContainerItemProxy section */
		771FDBC71AB9C8FD006FFE5B /* PBXContainerItemProxy */ = {
			isa = PBXContainerItemProxy;
			containerPortal = 771FDBA91AB9C8FD006FFE5B /* Project object */;
			proxyType = 1;
			remoteGlobalIDString = 771FDBB01AB9C8FD006FFE5B;
			remoteInfo = Snapchat;
		};
/* End PBXContainerItemProxy section */

/* Begin PBXFileReference section */
		771FDBB11AB9C8FD006FFE5B /* Snapchat.app */ = {isa = PBXFileReference; explicitFileType = wrapper.application; includeInIndex = 0; path = Snapchat.app; sourceTree = BUILT_PRODUCTS_DIR; };
		771FDBB51AB9C8FD006FFE5B /* Info.plist */ = {isa = PBXFileReference; lastKnownFileType = text.plist.xml; path = Info.plist; sourceTree = "<group>"; };
		771FDBB61AB9C8FD006FFE5B /* AppDelegate.swift */ = {isa = PBXFileReference; lastKnownFileType = sourcecode.swift; path = AppDelegate.swift; sourceTree = "<group>"; };
		771FDBB81AB9C8FD006FFE5B /* ViewController.swift */ = {isa = PBXFileReference; lastKnownFileType = sourcecode.swift; path = ViewController.swift; sourceTree = "<group>"; };
		771FDBBB1AB9C8FD006FFE5B /* Base */ = {isa = PBXFileReference; lastKnownFileType = file.storyboard; name = Base; path = Base.lproj/Main.storyboard; sourceTree = "<group>"; };
		771FDBBD1AB9C8FD006FFE5B /* Images.xcassets */ = {isa = PBXFileReference; lastKnownFileType = folder.assetcatalog; path = Images.xcassets; sourceTree = "<group>"; };
		771FDBC01AB9C8FD006FFE5B /* Base */ = {isa = PBXFileReference; lastKnownFileType = file.xib; name = Base; path = Base.lproj/LaunchScreen.xib; sourceTree = "<group>"; };
		771FDBC61AB9C8FD006FFE5B /* SnapchatTests.xctest */ = {isa = PBXFileReference; explicitFileType = wrapper.cfbundle; includeInIndex = 0; path = SnapchatTests.xctest; sourceTree = BUILT_PRODUCTS_DIR; };
		771FDBCB1AB9C8FD006FFE5B /* Info.plist */ = {isa = PBXFileReference; lastKnownFileType = text.plist.xml; path = Info.plist; sourceTree = "<group>"; };
		771FDBCC1AB9C8FD006FFE5B /* SnapchatTests.swift */ = {isa = PBXFileReference; lastKnownFileType = sourcecode.swift; path = SnapchatTests.swift; sourceTree = "<group>"; };
		771FDBD61AB9C95C006FFE5B /* Snapchat-Bridging-Header.h */ = {isa = PBXFileReference; lastKnownFileType = sourcecode.c.h; path = "Snapchat-Bridging-Header.h"; sourceTree = "<group>"; };
		771FDBD91AB9CAC0006FFE5B /* Bolts.framework */ = {isa = PBXFileReference; lastKnownFileType = wrapper.framework; path = Bolts.framework; sourceTree = "<group>"; };
		771FDBDA1AB9CAC0006FFE5B /* Parse.framework */ = {isa = PBXFileReference; lastKnownFileType = wrapper.framework; path = Parse.framework; sourceTree = "<group>"; };
		771FDBDB1AB9CAC0006FFE5B /* ParseFacebookUtils.framework */ = {isa = PBXFileReference; lastKnownFileType = wrapper.framework; path = ParseFacebookUtils.framework; sourceTree = "<group>"; };
		771FDBDF1AB9CB71006FFE5B /* AudioToolbox.framework */ = {isa = PBXFileReference; lastKnownFileType = wrapper.framework; name = AudioToolbox.framework; path = System/Library/Frameworks/AudioToolbox.framework; sourceTree = SDKROOT; };
		771FDBE11AB9CB77006FFE5B /* CFNetwork.framework */ = {isa = PBXFileReference; lastKnownFileType = wrapper.framework; name = CFNetwork.framework; path = System/Library/Frameworks/CFNetwork.framework; sourceTree = SDKROOT; };
		771FDBE31AB9CB7E006FFE5B /* CoreGraphics.framework */ = {isa = PBXFileReference; lastKnownFileType = wrapper.framework; name = CoreGraphics.framework; path = System/Library/Frameworks/CoreGraphics.framework; sourceTree = SDKROOT; };
		771FDBE51AB9CB85006FFE5B /* CoreLocation.framework */ = {isa = PBXFileReference; lastKnownFileType = wrapper.framework; name = CoreLocation.framework; path = System/Library/Frameworks/CoreLocation.framework; sourceTree = SDKROOT; };
		771FDBE71AB9CB8C006FFE5B /* MobileCoreServices.framework */ = {isa = PBXFileReference; lastKnownFileType = wrapper.framework; name = MobileCoreServices.framework; path = System/Library/Frameworks/MobileCoreServices.framework; sourceTree = SDKROOT; };
		771FDBE91AB9CB93006FFE5B /* QuartzCore.framework */ = {isa = PBXFileReference; lastKnownFileType = wrapper.framework; name = QuartzCore.framework; path = System/Library/Frameworks/QuartzCore.framework; sourceTree = SDKROOT; };
		771FDBEB1AB9CB99006FFE5B /* Security.framework */ = {isa = PBXFileReference; lastKnownFileType = wrapper.framework; name = Security.framework; path = System/Library/Frameworks/Security.framework; sourceTree = SDKROOT; };
		771FDBED1AB9CB9F006FFE5B /* StoreKit.framework */ = {isa = PBXFileReference; lastKnownFileType = wrapper.framework; name = StoreKit.framework; path = System/Library/Frameworks/StoreKit.framework; sourceTree = SDKROOT; };
		771FDBEF1AB9CBA8006FFE5B /* SystemConfiguration.framework */ = {isa = PBXFileReference; lastKnownFileType = wrapper.framework; name = SystemConfiguration.framework; path = System/Library/Frameworks/SystemConfiguration.framework; sourceTree = SDKROOT; };
		771FDBF11AB9CBAF006FFE5B /* libz.dylib */ = {isa = PBXFileReference; lastKnownFileType = "compiled.mach-o.dylib"; name = libz.dylib; path = usr/lib/libz.dylib; sourceTree = SDKROOT; };
		771FDBF31AB9CBB8006FFE5B /* libsqlite3.dylib */ = {isa = PBXFileReference; lastKnownFileType = "compiled.mach-o.dylib"; name = libsqlite3.dylib; path = usr/lib/libsqlite3.dylib; sourceTree = SDKROOT; };
		777660521ABA55E8004E1C64 /* UserTableViewController.swift */ = {isa = PBXFileReference; fileEncoding = 4; lastKnownFileType = sourcecode.swift; name = UserTableViewController.swift; path = ../UserTableViewController.swift; sourceTree = "<group>"; };
		777660541ABA850F004E1C64 /* ParseUI.framework */ = {isa = PBXFileReference; lastKnownFileType = wrapper.framework; path = ParseUI.framework; sourceTree = "<group>"; };
/* End PBXFileReference section */

/* Begin PBXFrameworksBuildPhase section */
		771FDBAE1AB9C8FD006FFE5B /* Frameworks */ = {
			isa = PBXFrameworksBuildPhase;
			buildActionMask = 2147483647;
			files = (
				771FDBF41AB9CBB8006FFE5B /* libsqlite3.dylib in Frameworks */,
				771FDBF21AB9CBAF006FFE5B /* libz.dylib in Frameworks */,
				771FDBF01AB9CBA8006FFE5B /* SystemConfiguration.framework in Frameworks */,
				771FDBEE1AB9CB9F006FFE5B /* StoreKit.framework in Frameworks */,
				771FDBEC1AB9CB99006FFE5B /* Security.framework in Frameworks */,
				771FDBEA1AB9CB93006FFE5B /* QuartzCore.framework in Frameworks */,
				771FDBE81AB9CB8C006FFE5B /* MobileCoreServices.framework in Frameworks */,
				771FDBE61AB9CB85006FFE5B /* CoreLocation.framework in Frameworks */,
				771FDBE41AB9CB7E006FFE5B /* CoreGraphics.framework in Frameworks */,
				771FDBE21AB9CB77006FFE5B /* CFNetwork.framework in Frameworks */,
				771FDBE01AB9CB71006FFE5B /* AudioToolbox.framework in Frameworks */,
				771FDBDD1AB9CAC0006FFE5B /* Parse.framework in Frameworks */,
				777660551ABA850F004E1C64 /* ParseUI.framework in Frameworks */,
				771FDBDC1AB9CAC0006FFE5B /* Bolts.framework in Frameworks */,
				771FDBDE1AB9CAC0006FFE5B /* ParseFacebookUtils.framework in Frameworks */,
			);
			runOnlyForDeploymentPostprocessing = 0;
		};
		771FDBC31AB9C8FD006FFE5B /* Frameworks */ = {
			isa = PBXFrameworksBuildPhase;
			buildActionMask = 2147483647;
			files = (
			);
			runOnlyForDeploymentPostprocessing = 0;
		};
/* End PBXFrameworksBuildPhase section */

/* Begin PBXGroup section */
		771FDBA81AB9C8FD006FFE5B = {
			isa = PBXGroup;
			children = (
				771FDBF31AB9CBB8006FFE5B /* libsqlite3.dylib */,
				771FDBF11AB9CBAF006FFE5B /* libz.dylib */,
				771FDBEF1AB9CBA8006FFE5B /* SystemConfiguration.framework */,
				771FDBED1AB9CB9F006FFE5B /* StoreKit.framework */,
				771FDBEB1AB9CB99006FFE5B /* Security.framework */,
				771FDBE91AB9CB93006FFE5B /* QuartzCore.framework */,
				771FDBE71AB9CB8C006FFE5B /* MobileCoreServices.framework */,
				771FDBE51AB9CB85006FFE5B /* CoreLocation.framework */,
				771FDBE31AB9CB7E006FFE5B /* CoreGraphics.framework */,
				771FDBE11AB9CB77006FFE5B /* CFNetwork.framework */,
				771FDBDF1AB9CB71006FFE5B /* AudioToolbox.framework */,
				777660541ABA850F004E1C64 /* ParseUI.framework */,
				771FDBB31AB9C8FD006FFE5B /* Snapchat */,
				771FDBC91AB9C8FD006FFE5B /* SnapchatTests */,
				771FDBB21AB9C8FD006FFE5B /* Products */,
				771FDBD61AB9C95C006FFE5B /* Snapchat-Bridging-Header.h */,
			);
			sourceTree = "<group>";
		};
		771FDBB21AB9C8FD006FFE5B /* Products */ = {
			isa = PBXGroup;
			children = (
				771FDBB11AB9C8FD006FFE5B /* Snapchat.app */,
				771FDBC61AB9C8FD006FFE5B /* SnapchatTests.xctest */,
			);
			name = Products;
			sourceTree = "<group>";
		};
		771FDBB31AB9C8FD006FFE5B /* Snapchat */ = {
			isa = PBXGroup;
			children = (
				771FDBD91AB9CAC0006FFE5B /* Bolts.framework */,
				771FDBDA1AB9CAC0006FFE5B /* Parse.framework */,
				771FDBDB1AB9CAC0006FFE5B /* ParseFacebookUtils.framework */,
				771FDBB61AB9C8FD006FFE5B /* AppDelegate.swift */,
				771FDBB81AB9C8FD006FFE5B /* ViewController.swift */,
				777660521ABA55E8004E1C64 /* UserTableViewController.swift */,
				771FDBBA1AB9C8FD006FFE5B /* Main.storyboard */,
				771FDBBD1AB9C8FD006FFE5B /* Images.xcassets */,
				771FDBBF1AB9C8FD006FFE5B /* LaunchScreen.xib */,
				771FDBB41AB9C8FD006FFE5B /* Supporting Files */,
			);
			path = Snapchat;
			sourceTree = "<group>";
		};
		771FDBB41AB9C8FD006FFE5B /* Supporting Files */ = {
			isa = PBXGroup;
			children = (
				771FDBB51AB9C8FD006FFE5B /* Info.plist */,
			);
			name = "Supporting Files";
			sourceTree = "<group>";
		};
		771FDBC91AB9C8FD006FFE5B /* SnapchatTests */ = {
			isa = PBXGroup;
			children = (
				771FDBCC1AB9C8FD006FFE5B /* SnapchatTests.swift */,
				771FDBCA1AB9C8FD006FFE5B /* Supporting Files */,
			);
			path = SnapchatTests;
			sourceTree = "<group>";
		};
		771FDBCA1AB9C8FD006FFE5B /* Supporting Files */ = {
			isa = PBXGroup;
			children = (
				771FDBCB1AB9C8FD006FFE5B /* Info.plist */,
			);
			name = "Supporting Files";
			sourceTree = "<group>";
		};
/* End PBXGroup section */

/* Begin PBXNativeTarget section */
		771FDBB01AB9C8FD006FFE5B /* Snapchat */ = {
			isa = PBXNativeTarget;
			buildConfigurationList = 771FDBD01AB9C8FD006FFE5B /* Build configuration list for PBXNativeTarget "Snapchat" */;
			buildPhases = (
				771FDBAD1AB9C8FD006FFE5B /* Sources */,
				771FDBAE1AB9C8FD006FFE5B /* Frameworks */,
				771FDBAF1AB9C8FD006FFE5B /* Resources */,
			);
			buildRules = (
			);
			dependencies = (
			);
			name = Snapchat;
			productName = Snapchat;
			productReference = 771FDBB11AB9C8FD006FFE5B /* Snapchat.app */;
			productType = "com.apple.product-type.application";
		};
		771FDBC51AB9C8FD006FFE5B /* SnapchatTests */ = {
			isa = PBXNativeTarget;
			buildConfigurationList = 771FDBD31AB9C8FD006FFE5B /* Build configuration list for PBXNativeTarget "SnapchatTests" */;
			buildPhases = (
				771FDBC21AB9C8FD006FFE5B /* Sources */,
				771FDBC31AB9C8FD006FFE5B /* Frameworks */,
				771FDBC41AB9C8FD006FFE5B /* Resources */,
			);
			buildRules = (
			);
			dependencies = (
				771FDBC81AB9C8FD006FFE5B /* PBXTargetDependency */,
			);
			name = SnapchatTests;
			productName = SnapchatTests;
			productReference = 771FDBC61AB9C8FD006FFE5B /* SnapchatTests.xctest */;
			productType = "com.apple.product-type.bundle.unit-test";
		};
/* End PBXNativeTarget section */

/* Begin PBXProject section */
		771FDBA91AB9C8FD006FFE5B /* Project object */ = {
			isa = PBXProject;
			attributes = {
				LastUpgradeCheck = 0620;
				ORGANIZATIONNAME = "Rommel Rico";
				TargetAttributes = {
					771FDBB01AB9C8FD006FFE5B = {
						CreatedOnToolsVersion = 6.2;
					};
					771FDBC51AB9C8FD006FFE5B = {
						CreatedOnToolsVersion = 6.2;
						TestTargetID = 771FDBB01AB9C8FD006FFE5B;
					};
				};
			};
			buildConfigurationList = 771FDBAC1AB9C8FD006FFE5B /* Build configuration list for PBXProject "Snapchat" */;
			compatibilityVersion = "Xcode 3.2";
			developmentRegion = English;
			hasScannedForEncodings = 0;
			knownRegions = (
				en,
				Base,
			);
			mainGroup = 771FDBA81AB9C8FD006FFE5B;
			productRefGroup = 771FDBB21AB9C8FD006FFE5B /* Products */;
			projectDirPath = "";
			projectRoot = "";
			targets = (
				771FDBB01AB9C8FD006FFE5B /* Snapchat */,
				771FDBC51AB9C8FD006FFE5B /* SnapchatTests */,
			);
		};
/* End PBXProject section */

/* Begin PBXResourcesBuildPhase section */
		771FDBAF1AB9C8FD006FFE5B /* Resources */ = {
			isa = PBXResourcesBuildPhase;
			buildActionMask = 2147483647;
			files = (
				771FDBBC1AB9C8FD006FFE5B /* Main.storyboard in Resources */,
				771FDBC11AB9C8FD006FFE5B /* LaunchScreen.xib in Resources */,
				771FDBBE1AB9C8FD006FFE5B /* Images.xcassets in Resources */,
			);
			runOnlyForDeploymentPostprocessing = 0;
		};
		771FDBC41AB9C8FD006FFE5B /* Resources */ = {
			isa = PBXResourcesBuildPhase;
			buildActionMask = 2147483647;
			files = (
			);
			runOnlyForDeploymentPostprocessing = 0;
		};
/* End PBXResourcesBuildPhase section */

/* Begin PBXSourcesBuildPhase section */
		771FDBAD1AB9C8FD006FFE5B /* Sources */ = {
			isa = PBXSourcesBuildPhase;
			buildActionMask = 2147483647;
			files = (
				771FDBB91AB9C8FD006FFE5B /* ViewController.swift in Sources */,
				777660531ABA55E8004E1C64 /* UserTableViewController.swift in Sources */,
				771FDBB71AB9C8FD006FFE5B /* AppDelegate.swift in Sources */,
			);
			runOnlyForDeploymentPostprocessing = 0;
		};
		771FDBC21AB9C8FD006FFE5B /* Sources */ = {
			isa = PBXSourcesBuildPhase;
			buildActionMask = 2147483647;
			files = (
				771FDBCD1AB9C8FD006FFE5B /* SnapchatTests.swift in Sources */,
			);
			runOnlyForDeploymentPostprocessing = 0;
		};
/* End PBXSourcesBuildPhase section */

/* Begin PBXTargetDependency section */
		771FDBC81AB9C8FD006FFE5B /* PBXTargetDependency */ = {
			isa = PBXTargetDependency;
			target = 771FDBB01AB9C8FD006FFE5B /* Snapchat */;
			targetProxy = 771FDBC71AB9C8FD006FFE5B /* PBXContainerItemProxy */;
		};
/* End PBXTargetDependency section */

/* Begin PBXVariantGroup section */
		771FDBBA1AB9C8FD006FFE5B /* Main.storyboard */ = {
			isa = PBXVariantGroup;
			children = (
				771FDBBB1AB9C8FD006FFE5B /* Base */,
			);
			name = Main.storyboard;
			sourceTree = "<group>";
		};
		771FDBBF1AB9C8FD006FFE5B /* LaunchScreen.xib */ = {
			isa = PBXVariantGroup;
			children = (
				771FDBC01AB9C8FD006FFE5B /* Base */,
			);
			name = LaunchScreen.xib;
			sourceTree = "<group>";
		};
/* End PBXVariantGroup section */

/* Begin XCBuildConfiguration section */
		771FDBCE1AB9C8FD006FFE5B /* Debug */ = {
			isa = XCBuildConfiguration;
			buildSettings = {
				ALWAYS_SEARCH_USER_PATHS = NO;
				CLANG_CXX_LANGUAGE_STANDARD = "gnu++0x";
				CLANG_CXX_LIBRARY = "libc++";
				CLANG_ENABLE_MODULES = YES;
				CLANG_ENABLE_OBJC_ARC = YES;
				CLANG_WARN_BOOL_CONVERSION = YES;
				CLANG_WARN_CONSTANT_CONVERSION = YES;
				CLANG_WARN_DIRECT_OBJC_ISA_USAGE = YES_ERROR;
				CLANG_WARN_EMPTY_BODY = YES;
				CLANG_WARN_ENUM_CONVERSION = YES;
				CLANG_WARN_INT_CONVERSION = YES;
				CLANG_WARN_OBJC_ROOT_CLASS = YES_ERROR;
				CLANG_WARN_UNREACHABLE_CODE = YES;
				CLANG_WARN__DUPLICATE_METHOD_MATCH = YES;
				"CODE_SIGN_IDENTITY[sdk=iphoneos*]" = "iPhone Developer";
				COPY_PHASE_STRIP = NO;
				ENABLE_STRICT_OBJC_MSGSEND = YES;
				GCC_C_LANGUAGE_STANDARD = gnu99;
				GCC_DYNAMIC_NO_PIC = NO;
				GCC_OPTIMIZATION_LEVEL = 0;
				GCC_PREPROCESSOR_DEFINITIONS = (
					"DEBUG=1",
					"$(inherited)",
				);
				GCC_SYMBOLS_PRIVATE_EXTERN = NO;
				GCC_WARN_64_TO_32_BIT_CONVERSION = YES;
				GCC_WARN_ABOUT_RETURN_TYPE = YES_ERROR;
				GCC_WARN_UNDECLARED_SELECTOR = YES;
				GCC_WARN_UNINITIALIZED_AUTOS = YES_AGGRESSIVE;
				GCC_WARN_UNUSED_FUNCTION = YES;
				GCC_WARN_UNUSED_VARIABLE = YES;
				IPHONEOS_DEPLOYMENT_TARGET = 8.2;
				MTL_ENABLE_DEBUG_INFO = YES;
				ONLY_ACTIVE_ARCH = YES;
				SDKROOT = iphoneos;
				SWIFT_OPTIMIZATION_LEVEL = "-Onone";
				TARGETED_DEVICE_FAMILY = "1,2";
			};
			name = Debug;
		};
		771FDBCF1AB9C8FD006FFE5B /* Release */ = {
			isa = XCBuildConfiguration;
			buildSettings = {
				ALWAYS_SEARCH_USER_PATHS = NO;
				CLANG_CXX_LANGUAGE_STANDARD = "gnu++0x";
				CLANG_CXX_LIBRARY = "libc++";
				CLANG_ENABLE_MODULES = YES;
				CLANG_ENABLE_OBJC_ARC = YES;
				CLANG_WARN_BOOL_CONVERSION = YES;
				CLANG_WARN_CONSTANT_CONVERSION = YES;
				CLANG_WARN_DIRECT_OBJC_ISA_USAGE = YES_ERROR;
				CLANG_WARN_EMPTY_BODY = YES;
				CLANG_WARN_ENUM_CONVERSION = YES;
				CLANG_WARN_INT_CONVERSION = YES;
				CLANG_WARN_OBJC_ROOT_CLASS = YES_ERROR;
				CLANG_WARN_UNREACHABLE_CODE = YES;
				CLANG_WARN__DUPLICATE_METHOD_MATCH = YES;
				"CODE_SIGN_IDENTITY[sdk=iphoneos*]" = "iPhone Developer";
				COPY_PHASE_STRIP = NO;
				ENABLE_NS_ASSERTIONS = NO;
				ENABLE_STRICT_OBJC_MSGSEND = YES;
				GCC_C_LANGUAGE_STANDARD = gnu99;
				GCC_WARN_64_TO_32_BIT_CONVERSION = YES;
				GCC_WARN_ABOUT_RETURN_TYPE = YES_ERROR;
				GCC_WARN_UNDECLARED_SELECTOR = YES;
				GCC_WARN_UNINITIALIZED_AUTOS = YES_AGGRESSIVE;
				GCC_WARN_UNUSED_FUNCTION = YES;
				GCC_WARN_UNUSED_VARIABLE = YES;
				IPHONEOS_DEPLOYMENT_TARGET = 8.2;
				MTL_ENABLE_DEBUG_INFO = NO;
				SDKROOT = iphoneos;
				TARGETED_DEVICE_FAMILY = "1,2";
				VALIDATE_PRODUCT = YES;
			};
			name = Release;
		};
		771FDBD11AB9C8FD006FFE5B /* Debug */ = {
			isa = XCBuildConfiguration;
			buildSettings = {
				ASSETCATALOG_COMPILER_APPICON_NAME = AppIcon;
				CLANG_ENABLE_MODULES = YES;
				FRAMEWORK_SEARCH_PATHS = (
					"$(inherited)",
					"$(PROJECT_DIR)/Snapchat",
					"$(PROJECT_DIR)",
				);
				INFOPLIST_FILE = Snapchat/Info.plist;
				LD_RUNPATH_SEARCH_PATHS = "$(inherited) @executable_path/Frameworks";
				PRODUCT_NAME = "$(TARGET_NAME)";
				SWIFT_OBJC_BRIDGING_HEADER = "Snapchat-Bridging-Header.h";
				SWIFT_OPTIMIZATION_LEVEL = "-Onone";
			};
			name = Debug;
		};
		771FDBD21AB9C8FD006FFE5B /* Release */ = {
			isa = XCBuildConfiguration;
			buildSettings = {
				ASSETCATALOG_COMPILER_APPICON_NAME = AppIcon;
				CLANG_ENABLE_MODULES = YES;
				FRAMEWORK_SEARCH_PATHS = (
					"$(inherited)",
					"$(PROJECT_DIR)/Snapchat",
					"$(PROJECT_DIR)",
				);
				INFOPLIST_FILE = Snapchat/Info.plist;
				LD_RUNPATH_SEARCH_PATHS = "$(inherited) @executable_path/Frameworks";
				PRODUCT_NAME = "$(TARGET_NAME)";
				SWIFT_OBJC_BRIDGING_HEADER = "Snapchat-Bridging-Header.h";
			};
			name = Release;
		};
		771FDBD41AB9C8FD006FFE5B /* Debug */ = {
			isa = XCBuildConfiguration;
			buildSettings = {
				BUNDLE_LOADER = "$(TEST_HOST)";
				FRAMEWORK_SEARCH_PATHS = (
					"$(SDKROOT)/Developer/Library/Frameworks",
					"$(inherited)",
				);
				GCC_PREPROCESSOR_DEFINITIONS = (
					"DEBUG=1",
					"$(inherited)",
				);
				INFOPLIST_FILE = SnapchatTests/Info.plist;
				LD_RUNPATH_SEARCH_PATHS = "$(inherited) @executable_path/Frameworks @loader_path/Frameworks";
				PRODUCT_NAME = "$(TARGET_NAME)";
				TEST_HOST = "$(BUILT_PRODUCTS_DIR)/Snapchat.app/Snapchat";
			};
			name = Debug;
		};
		771FDBD51AB9C8FD006FFE5B /* Release */ = {
			isa = XCBuildConfiguration;
			buildSettings = {
				BUNDLE_LOADER = "$(TEST_HOST)";
				FRAMEWORK_SEARCH_PATHS = (
					"$(SDKROOT)/Developer/Library/Frameworks",
					"$(inherited)",
				);
				INFOPLIST_FILE = SnapchatTests/Info.plist;
				LD_RUNPATH_SEARCH_PATHS = "$(inherited) @executable_path/Frameworks @loader_path/Frameworks";
				PRODUCT_NAME = "$(TARGET_NAME)";
				TEST_HOST = "$(BUILT_PRODUCTS_DIR)/Snapchat.app/Snapchat";
			};
			name = Release;
		};
/* End XCBuildConfiguration section */

/* Begin XCConfigurationList section */
		771FDBAC1AB9C8FD006FFE5B /* Build configuration list for PBXProject "Snapchat" */ = {
			isa = XCConfigurationList;
			buildConfigurations = (
				771FDBCE1AB9C8FD006FFE5B /* Debug */,
				771FDBCF1AB9C8FD006FFE5B /* Release */,
			);
			defaultConfigurationIsVisible = 0;
			defaultConfigurationName = Release;
		};
		771FDBD01AB9C8FD006FFE5B /* Build configuration list for PBXNativeTarget "Snapchat" */ = {
			isa = XCConfigurationList;
			buildConfigurations = (
				771FDBD11AB9C8FD006FFE5B /* Debug */,
				771FDBD21AB9C8FD006FFE5B /* Release */,
			);
			defaultConfigurationIsVisible = 0;
			defaultConfigurationName = Release;
		};
		771FDBD31AB9C8FD006FFE5B /* Build configuration list for PBXNativeTarget "SnapchatTests" */ = {
			isa = XCConfigurationList;
			buildConfigurations = (
				771FDBD41AB9C8FD006FFE5B /* Debug */,
				771FDBD51AB9C8FD006FFE5B /* Release */,
			);
			defaultConfigurationIsVisible = 0;
			defaultConfigurationName = Release;
		};
/* End XCConfigurationList section */
	};
	rootObject = 771FDBA91AB9C8FD006FFE5B /* Project object */;
}
